
Microsoft Visual Studio Solution File, Format Version 11.00
# Visual Studio 2010
Project("{FAE04EC0-301F-11D3-BF4B-00C04F79EFBC}") = "GuardianReviewTracker", "GuardianReviewTracker\GuardianReviewTracker.csproj", "{959F0248-9A18-43FF-9803-70ABA29E5843}"
EndProject
Project("{FAE04EC0-301F-11D3-BF4B-00C04F79EFBC}") = "GuardianReviewTracker.Tests", "GuardianReviewTracker.Tests\GuardianReviewTracker.Tests.csproj", "{65D38905-8806-4AF1-BAA3-3396679F530C}"
EndProject
Global
	GlobalSection(SolutionConfigurationPlatforms) = preSolution
		Debug|Any CPU = Debug|Any CPU
		Release|Any CPU = Release|Any CPU
	EndGlobalSection
	GlobalSection(ProjectConfigurationPlatforms) = postSolution
		{959F0248-9A18-43FF-9803-70ABA29E5843}.Debug|Any CPU.ActiveCfg = Debug|Any CPU
		{959F0248-9A18-43FF-9803-70ABA29E5843}.Debug|Any CPU.Build.0 = Debug|Any CPU
		{959F0248-9A18-43FF-9803-70ABA29E5843}.Release|Any CPU.ActiveCfg = Release|Any CPU
		{959F0248-9A18-43FF-9803-70ABA29E5843}.Release|Any CPU.Build.0 = Release|Any CPU
		{65D38905-8806-4AF1-BAA3-3396679F530C}.Debug|Any CPU.ActiveCfg = Debug|Any CPU
		{65D38905-8806-4AF1-BAA3-3396679F530C}.Debug|Any CPU.Build.0 = Debug|Any CPU
		{65D38905-8806-4AF1-BAA3-3396679F530C}.Release|Any CPU.ActiveCfg = Release|Any CPU
		{65D38905-8806-4AF1-BAA3-3396679F530C}.Release|Any CPU.Build.0 = Release|Any CPU
	EndGlobalSection
	GlobalSection(SolutionProperties) = preSolution
		HideSolutionNode = FALSE
	EndGlobalSection
EndGlobal
